<Solution>
  <Project Path="src/Application/Application.csproj" />
  <Project Path="src/Domain/Domain.csproj" />
  <Project Path="src/NotificationService.Web/NotificationService.csproj" />
  <Project Path="src/Persistence/Persistence.csproj" />
  <Project Path="src/Repository/Repository.csproj" />
  <Project Path="src/Tests/Tests.csproj" />
</Solution>
